
Microsoft Visual Studio Solution File, Format Version 12.00
# Visual Studio 15
VisualStudioVersion = 15.0.27130.2024
MinimumVisualStudioVersion = 10.0.40219.1
Project("{2150E333-8FDC-42A3-9474-1A3956D46DE8}") = "Solution Items", "Solution Items", "{24733663-6B30-4578-9F02-B3DC01188BC8}"
	ProjectSection(SolutionItems) = preProject
		README.md = README.md
	EndProjectSection
EndProject
Project("{8BC9CEB8-8B4A-11D0-8D11-00A0C91BC942}") = "Operator", "Operator\Operator.vcxproj", "{49DA9EB9-8EF7-4FED-982E-B420D9524E06}"
EndProject
Project("{8BC9CEB8-8B4A-11D0-8D11-00A0C91BC942}") = "Quadratic", "Quadratic\Quadratic.vcxproj", "{473D3C35-BF8D-4AC9-8315-528E8630007F}"
EndProject
Global
	GlobalSection(SolutionConfigurationPlatforms) = preSolution
		Debug|x64 = Debug|x64
		Debug|x86 = Debug|x86
		Release|x64 = Release|x64
		Release|x86 = Release|x86
	EndGlobalSection
	GlobalSection(ProjectConfigurationPlatforms) = postSolution
		{49DA9EB9-8EF7-4FED-982E-B420D9524E06}.Debug|x64.ActiveCfg = Debug|x64
		{49DA9EB9-8EF7-4FED-982E-B420D9524E06}.Debug|x64.Build.0 = Debug|x64
		{49DA9EB9-8EF7-4FED-982E-B420D9524E06}.Debug|x86.ActiveCfg = Debug|Win32
		{49DA9EB9-8EF7-4FED-982E-B420D9524E06}.Debug|x86.Build.0 = Debug|Win32
		{49DA9EB9-8EF7-4FED-982E-B420D9524E06}.Release|x64.ActiveCfg = Release|x64
		{49DA9EB9-8EF7-4FED-982E-B420D9524E06}.Release|x64.Build.0 = Release|x64
		{49DA9EB9-8EF7-4FED-982E-B420D9524E06}.Release|x86.ActiveCfg = Release|Win32
		{49DA9EB9-8EF7-4FED-982E-B420D9524E06}.Release|x86.Build.0 = Release|Win32
		{473D3C35-BF8D-4AC9-8315-528E8630007F}.Debug|x64.ActiveCfg = Debug|x64
		{473D3C35-BF8D-4AC9-8315-528E8630007F}.Debug|x64.Build.0 = Debug|x64
		{473D3C35-BF8D-4AC9-8315-528E8630007F}.Debug|x86.ActiveCfg = Debug|Win32
		{473D3C35-BF8D-4AC9-8315-528E8630007F}.Debug|x86.Build.0 = Debug|Win32
		{473D3C35-BF8D-4AC9-8315-528E8630007F}.Release|x64.ActiveCfg = Release|x64
		{473D3C35-BF8D-4AC9-8315-528E8630007F}.Release|x64.Build.0 = Release|x64
		{473D3C35-BF8D-4AC9-8315-528E8630007F}.Release|x86.ActiveCfg = Release|Win32
		{473D3C35-BF8D-4AC9-8315-528E8630007F}.Release|x86.Build.0 = Release|Win32
	EndGlobalSection
	GlobalSection(SolutionProperties) = preSolution
		HideSolutionNode = FALSE
	EndGlobalSection
	GlobalSection(ExtensibilityGlobals) = postSolution
		SolutionGuid = {0A399659-11E3-40D3-9EB0-177413C1761E}
	EndGlobalSection
EndGlobal
